
Microsoft Visual Studio Solution File, Format Version 12.00
# Visual Studio Version 16
VisualStudioVersion = 16.0.31025.194
MinimumVisualStudioVersion = 10.0.40219.1
Project("{FAE04EC0-301F-11D3-BF4B-00C04F79EFBC}") = "CadastroPessoasSQL", "CadastroPessoasSQL.csproj", "{C7558EA3-13D0-4014-88F0-099E1967D093}"
EndProject
Global
	GlobalSection(SolutionConfigurationPlatforms) = preSolution
		Debug|Any CPU = Debug|Any CPU
		Debug|x86 = Debug|x86
		Release|Any CPU = Release|Any CPU
		Release|x86 = Release|x86
	EndGlobalSection
	GlobalSection(ProjectConfigurationPlatforms) = postSolution
		{C7558EA3-13D0-4014-88F0-099E1967D093}.Debug|Any CPU.ActiveCfg = Debug|Any CPU
		{C7558EA3-13D0-4014-88F0-099E1967D093}.Debug|Any CPU.Build.0 = Debug|Any CPU
		{C7558EA3-13D0-4014-88F0-099E1967D093}.Debug|x86.ActiveCfg = Debug|Any CPU
		{C7558EA3-13D0-4014-88F0-099E1967D093}.Debug|x86.Build.0 = Debug|Any CPU
		{C7558EA3-13D0-4014-88F0-099E1967D093}.Release|Any CPU.ActiveCfg = Release|Any CPU
		{C7558EA3-13D0-4014-88F0-099E1967D093}.Release|Any CPU.Build.0 = Release|Any CPU
		{C7558EA3-13D0-4014-88F0-099E1967D093}.Release|x86.ActiveCfg = Release|Any CPU
		{C7558EA3-13D0-4014-88F0-099E1967D093}.Release|x86.Build.0 = Release|Any CPU
	EndGlobalSection
	GlobalSection(SolutionProperties) = preSolution
		HideSolutionNode = FALSE
	EndGlobalSection
	GlobalSection(ExtensibilityGlobals) = postSolution
		SolutionGuid = {4F34C462-3720-4039-8B0B-6A07B2EE64F4}
	EndGlobalSection
EndGlobal
